
Microsoft Visual Studio Solution File, Format Version 12.00
# Visual Studio Version 17
VisualStudioVersion = 17.7.34031.279
MinimumVisualStudioVersion = 10.0.40219.1
Project("{FAE04EC0-301F-11D3-BF4B-00C04F79EFBC}") = "Pokemon", "Pokemon\Pokemon.csproj", "{1BE07BFA-7FB6-442C-8B33-62E1FD7B0B9F}"
EndProject
Global
	GlobalSection(SolutionConfigurationPlatforms) = preSolution
		Debug|Any CPU = Debug|Any CPU
		Release|Any CPU = Release|Any CPU
	EndGlobalSection
	GlobalSection(ProjectConfigurationPlatforms) = postSolution
		{1BE07BFA-7FB6-442C-8B33-62E1FD7B0B9F}.Debug|Any CPU.ActiveCfg = Debug|Any CPU
		{1BE07BFA-7FB6-442C-8B33-62E1FD7B0B9F}.Debug|Any CPU.Build.0 = Debug|Any CPU
		{1BE07BFA-7FB6-442C-8B33-62E1FD7B0B9F}.Release|Any CPU.ActiveCfg = Release|Any CPU
		{1BE07BFA-7FB6-442C-8B33-62E1FD7B0B9F}.Release|Any CPU.Build.0 = Release|Any CPU
	EndGlobalSection
	GlobalSection(SolutionProperties) = preSolution
		HideSolutionNode = FALSE
	EndGlobalSection
	GlobalSection(ExtensibilityGlobals) = postSolution
		SolutionGuid = {A89F8285-94EA-4DBC-902C-AA059BEF08DC}
	EndGlobalSection
EndGlobal
